// !$*UTF8*$!
{
	archiveVersion = 1;
	classes = {
	};
	objectVersion = 46;
	objects = {

/* Begin PBXBuildFile section */
		1BD5FCC3BB807DEA5856500A /* Pods_HireDev.framework in Frameworks */ = {isa = PBXBuildFile; fileRef = 2AE4E92740AE426B13F0F8B9 /* Pods_HireDev.framework */; };
		400842C61D8D1C9000B30904 /* HomeViewController.swift in Sources */ = {isa = PBXBuildFile; fileRef = 400842C51D8D1C9000B30904 /* HomeViewController.swift */; };
		401BDED31D93BFA500D5A749 /* Bolts.framework in Frameworks */ = {isa = PBXBuildFile; fileRef = 401BDED21D93BFA500D5A749 /* Bolts.framework */; };
		4032FF811D9D0E7900C91B5E /* JobTableViewCell.swift in Sources */ = {isa = PBXBuildFile; fileRef = 4032FF801D9D0E7900C91B5E /* JobTableViewCell.swift */; };
		403A169D1D9B8709001FB468 /* ViewController+AlertView.swift in Sources */ = {isa = PBXBuildFile; fileRef = 403A169C1D9B8709001FB468 /* ViewController+AlertView.swift */; };
		403A169F1D9B8939001FB468 /* UIAlertController+Present.swift in Sources */ = {isa = PBXBuildFile; fileRef = 403A169E1D9B8939001FB468 /* UIAlertController+Present.swift */; };
		40426E9E1D9504AD005D704E /* GoogleService-Info.plist in Resources */ = {isa = PBXBuildFile; fileRef = 40426E9D1D9504AD005D704E /* GoogleService-Info.plist */; };
		406132031DA250B90025EF0E /* keys.plist in Resources */ = {isa = PBXBuildFile; fileRef = 406132021DA250B90025EF0E /* keys.plist */; };
		4076389F1D82421600C7A892 /* AppDelegate.swift in Sources */ = {isa = PBXBuildFile; fileRef = 4076389E1D82421600C7A892 /* AppDelegate.swift */; };
		407638A11D82421600C7A892 /* MasterViewController.swift in Sources */ = {isa = PBXBuildFile; fileRef = 407638A01D82421600C7A892 /* MasterViewController.swift */; };
		407638A31D82421600C7A892 /* DetailViewController.swift in Sources */ = {isa = PBXBuildFile; fileRef = 407638A21D82421600C7A892 /* DetailViewController.swift */; };
		407638A61D82421600C7A892 /* Main.storyboard in Resources */ = {isa = PBXBuildFile; fileRef = 407638A41D82421600C7A892 /* Main.storyboard */; };
		407638A81D82421600C7A892 /* Assets.xcassets in Resources */ = {isa = PBXBuildFile; fileRef = 407638A71D82421600C7A892 /* Assets.xcassets */; };
		407638AB1D82421600C7A892 /* LaunchScreen.storyboard in Resources */ = {isa = PBXBuildFile; fileRef = 407638A91D82421600C7A892 /* LaunchScreen.storyboard */; };
		407638BA1D8245C100C7A892 /* LoginViewController.swift in Sources */ = {isa = PBXBuildFile; fileRef = 407638B91D8245C100C7A892 /* LoginViewController.swift */; };
		407638BC1D82958900C7A892 /* CreateAccountViewController.swift in Sources */ = {isa = PBXBuildFile; fileRef = 407638BB1D82958900C7A892 /* CreateAccountViewController.swift */; };
		409B00831D9509D700E5174E /* UploadViewController.swift in Sources */ = {isa = PBXBuildFile; fileRef = 409B00821D9509D700E5174E /* UploadViewController.swift */; };
		40D0F0811D864CA90076891D /* FBSDKCoreKit.framework in Frameworks */ = {isa = PBXBuildFile; fileRef = 40D0F07E1D864CA90076891D /* FBSDKCoreKit.framework */; };
		40D0F0821D864CA90076891D /* FBSDKLoginKit.framework in Frameworks */ = {isa = PBXBuildFile; fileRef = 40D0F07F1D864CA90076891D /* FBSDKLoginKit.framework */; };
		40D0F0831D864CA90076891D /* FBSDKShareKit.framework in Frameworks */ = {isa = PBXBuildFile; fileRef = 40D0F0801D864CA90076891D /* FBSDKShareKit.framework */; };
		40D0F0861D8799A00076891D /* ViewController+KeyboardDismiss.swift in Sources */ = {isa = PBXBuildFile; fileRef = 40D0F0851D8799A00076891D /* ViewController+KeyboardDismiss.swift */; };
		40D111491DA0331000AAD34E /* LocationSettingViewController.swift in Sources */ = {isa = PBXBuildFile; fileRef = 40D111481DA0331000AAD34E /* LocationSettingViewController.swift */; };
		40DAA3A51D99F040005806BE /* JobItem.swift in Sources */ = {isa = PBXBuildFile; fileRef = 40DAA3A41D99F040005806BE /* JobItem.swift */; };
		40F301601D9680880035D47A /* SettingViewController.swift in Sources */ = {isa = PBXBuildFile; fileRef = 40F3015F1D9680880035D47A /* SettingViewController.swift */; };
		40F301621D9680DC0035D47A /* TabBarController.swift in Sources */ = {isa = PBXBuildFile; fileRef = 40F301611D9680DC0035D47A /* TabBarController.swift */; };
/* End PBXBuildFile section */

/* Begin PBXFileReference section */
		00353D0515AA1900B3822BA0 /* Pods-HireDev.release.xcconfig */ = {isa = PBXFileReference; includeInIndex = 1; lastKnownFileType = text.xcconfig; name = "Pods-HireDev.release.xcconfig"; path = "Pods/Target Support Files/Pods-HireDev/Pods-HireDev.release.xcconfig"; sourceTree = "<group>"; };
		2AE4E92740AE426B13F0F8B9 /* Pods_HireDev.framework */ = {isa = PBXFileReference; explicitFileType = wrapper.framework; includeInIndex = 0; path = Pods_HireDev.framework; sourceTree = BUILT_PRODUCTS_DIR; };
		400842C51D8D1C9000B30904 /* HomeViewController.swift */ = {isa = PBXFileReference; fileEncoding = 4; lastKnownFileType = sourcecode.swift; path = HomeViewController.swift; sourceTree = "<group>"; };
		401BDED21D93BFA500D5A749 /* Bolts.framework */ = {isa = PBXFileReference; lastKnownFileType = wrapper.framework; name = Bolts.framework; path = ../../FacebookSDK/Bolts.framework; sourceTree = "<group>"; };
		4032FF801D9D0E7900C91B5E /* JobTableViewCell.swift */ = {isa = PBXFileReference; fileEncoding = 4; lastKnownFileType = sourcecode.swift; path = JobTableViewCell.swift; sourceTree = "<group>"; };
		403A169C1D9B8709001FB468 /* ViewController+AlertView.swift */ = {isa = PBXFileReference; fileEncoding = 4; lastKnownFileType = sourcecode.swift; path = "ViewController+AlertView.swift"; sourceTree = "<group>"; };
		403A169E1D9B8939001FB468 /* UIAlertController+Present.swift */ = {isa = PBXFileReference; fileEncoding = 4; lastKnownFileType = sourcecode.swift; path = "UIAlertController+Present.swift"; sourceTree = "<group>"; };
		40426E9D1D9504AD005D704E /* GoogleService-Info.plist */ = {isa = PBXFileReference; fileEncoding = 4; lastKnownFileType = text.plist.xml; name = "GoogleService-Info.plist"; path = "../../../../Downloads/HIPPO/GoogleService-Info.plist"; sourceTree = "<group>"; };
		406132021DA250B90025EF0E /* keys.plist */ = {isa = PBXFileReference; fileEncoding = 4; lastKnownFileType = text.plist.xml; path = keys.plist; sourceTree = "<group>"; };
		4076389B1D82421600C7A892 /* HireDev.app */ = {isa = PBXFileReference; explicitFileType = wrapper.application; includeInIndex = 0; path = HireDev.app; sourceTree = BUILT_PRODUCTS_DIR; };
		4076389E1D82421600C7A892 /* AppDelegate.swift */ = {isa = PBXFileReference; lastKnownFileType = sourcecode.swift; path = AppDelegate.swift; sourceTree = "<group>"; };
		407638A01D82421600C7A892 /* MasterViewController.swift */ = {isa = PBXFileReference; lastKnownFileType = sourcecode.swift; path = MasterViewController.swift; sourceTree = "<group>"; };
		407638A21D82421600C7A892 /* DetailViewController.swift */ = {isa = PBXFileReference; lastKnownFileType = sourcecode.swift; path = DetailViewController.swift; sourceTree = "<group>"; };
		407638A51D82421600C7A892 /* Base */ = {isa = PBXFileReference; lastKnownFileType = file.storyboard; name = Base; path = Base.lproj/Main.storyboard; sourceTree = "<group>"; };
		407638A71D82421600C7A892 /* Assets.xcassets */ = {isa = PBXFileReference; lastKnownFileType = folder.assetcatalog; path = Assets.xcassets; sourceTree = "<group>"; };
		407638AA1D82421600C7A892 /* Base */ = {isa = PBXFileReference; lastKnownFileType = file.storyboard; name = Base; path = Base.lproj/LaunchScreen.storyboard; sourceTree = "<group>"; };
		407638AC1D82421600C7A892 /* Info.plist */ = {isa = PBXFileReference; lastKnownFileType = text.plist.xml; path = Info.plist; sourceTree = "<group>"; };
		407638B91D8245C100C7A892 /* LoginViewController.swift */ = {isa = PBXFileReference; fileEncoding = 4; lastKnownFileType = sourcecode.swift; path = LoginViewController.swift; sourceTree = "<group>"; };
		407638BB1D82958900C7A892 /* CreateAccountViewController.swift */ = {isa = PBXFileReference; fileEncoding = 4; lastKnownFileType = sourcecode.swift; path = CreateAccountViewController.swift; sourceTree = "<group>"; };
		409B00821D9509D700E5174E /* UploadViewController.swift */ = {isa = PBXFileReference; fileEncoding = 4; lastKnownFileType = sourcecode.swift; path = UploadViewController.swift; sourceTree = "<group>"; };
		40D0F07E1D864CA90076891D /* FBSDKCoreKit.framework */ = {isa = PBXFileReference; lastKnownFileType = wrapper.framework; name = FBSDKCoreKit.framework; path = ../../FacebookSDK/FBSDKCoreKit.framework; sourceTree = "<group>"; };
		40D0F07F1D864CA90076891D /* FBSDKLoginKit.framework */ = {isa = PBXFileReference; lastKnownFileType = wrapper.framework; name = FBSDKLoginKit.framework; path = ../../FacebookSDK/FBSDKLoginKit.framework; sourceTree = "<group>"; };
		40D0F0801D864CA90076891D /* FBSDKShareKit.framework */ = {isa = PBXFileReference; lastKnownFileType = wrapper.framework; name = FBSDKShareKit.framework; path = ../../FacebookSDK/FBSDKShareKit.framework; sourceTree = "<group>"; };
		40D0F0841D86643F0076891D /* HireDev.entitlements */ = {isa = PBXFileReference; lastKnownFileType = text.plist.entitlements; path = HireDev.entitlements; sourceTree = "<group>"; };
		40D0F0851D8799A00076891D /* ViewController+KeyboardDismiss.swift */ = {isa = PBXFileReference; fileEncoding = 4; lastKnownFileType = sourcecode.swift; path = "ViewController+KeyboardDismiss.swift"; sourceTree = "<group>"; };
		40D111481DA0331000AAD34E /* LocationSettingViewController.swift */ = {isa = PBXFileReference; fileEncoding = 4; lastKnownFileType = sourcecode.swift; path = LocationSettingViewController.swift; sourceTree = "<group>"; };
		40DAA3A41D99F040005806BE /* JobItem.swift */ = {isa = PBXFileReference; fileEncoding = 4; lastKnownFileType = sourcecode.swift; path = JobItem.swift; sourceTree = "<group>"; };
		40F3015F1D9680880035D47A /* SettingViewController.swift */ = {isa = PBXFileReference; fileEncoding = 4; lastKnownFileType = sourcecode.swift; path = SettingViewController.swift; sourceTree = "<group>"; };
		40F301611D9680DC0035D47A /* TabBarController.swift */ = {isa = PBXFileReference; fileEncoding = 4; lastKnownFileType = sourcecode.swift; path = TabBarController.swift; sourceTree = "<group>"; };
		81280D31713E265017FB9967 /* Pods-HireDev.debug.xcconfig */ = {isa = PBXFileReference; includeInIndex = 1; lastKnownFileType = text.xcconfig; name = "Pods-HireDev.debug.xcconfig"; path = "Pods/Target Support Files/Pods-HireDev/Pods-HireDev.debug.xcconfig"; sourceTree = "<group>"; };
/* End PBXFileReference section */

/* Begin PBXFrameworksBuildPhase section */
		407638981D82421600C7A892 /* Frameworks */ = {
			isa = PBXFrameworksBuildPhase;
			buildActionMask = 2147483647;
			files = (
				401BDED31D93BFA500D5A749 /* Bolts.framework in Frameworks */,
				40D0F0831D864CA90076891D /* FBSDKShareKit.framework in Frameworks */,
				1BD5FCC3BB807DEA5856500A /* Pods_HireDev.framework in Frameworks */,
				40D0F0811D864CA90076891D /* FBSDKCoreKit.framework in Frameworks */,
				40D0F0821D864CA90076891D /* FBSDKLoginKit.framework in Frameworks */,
			);
			runOnlyForDeploymentPostprocessing = 0;
		};
/* End PBXFrameworksBuildPhase section */

/* Begin PBXGroup section */
		0B7E3CD36CF2545C04663210 /* Frameworks */ = {
			isa = PBXGroup;
			children = (
				401BDED21D93BFA500D5A749 /* Bolts.framework */,
				40D0F07E1D864CA90076891D /* FBSDKCoreKit.framework */,
				40D0F07F1D864CA90076891D /* FBSDKLoginKit.framework */,
				40D0F0801D864CA90076891D /* FBSDKShareKit.framework */,
				2AE4E92740AE426B13F0F8B9 /* Pods_HireDev.framework */,
			);
			name = Frameworks;
			sourceTree = "<group>";
		};
		0C1AE6E3ADFFBFA95DBF254C /* Pods */ = {
			isa = PBXGroup;
			children = (
				81280D31713E265017FB9967 /* Pods-HireDev.debug.xcconfig */,
				00353D0515AA1900B3822BA0 /* Pods-HireDev.release.xcconfig */,
			);
			name = Pods;
			sourceTree = "<group>";
		};
		407638921D82421600C7A892 = {
			isa = PBXGroup;
			children = (
				4076389D1D82421600C7A892 /* HireDev */,
				4076389C1D82421600C7A892 /* Products */,
				0C1AE6E3ADFFBFA95DBF254C /* Pods */,
				0B7E3CD36CF2545C04663210 /* Frameworks */,
			);
			sourceTree = "<group>";
		};
		4076389C1D82421600C7A892 /* Products */ = {
			isa = PBXGroup;
			children = (
				4076389B1D82421600C7A892 /* HireDev.app */,
			);
			name = Products;
			sourceTree = "<group>";
		};
		4076389D1D82421600C7A892 /* HireDev */ = {
			isa = PBXGroup;
			children = (
				40D0F0841D86643F0076891D /* HireDev.entitlements */,
				407638B61D82441E00C7A892 /* Controller */,
				407638B51D82441E00C7A892 /* View */,
				407638B31D82441400C7A892 /* Model */,
				407638B21D82440400C7A892 /* UI */,
			);
			path = HireDev;
			sourceTree = "<group>";
		};
		407638B21D82440400C7A892 /* UI */ = {
			isa = PBXGroup;
			children = (
				407638A41D82421600C7A892 /* Main.storyboard */,
				407638A91D82421600C7A892 /* LaunchScreen.storyboard */,
				407638A71D82421600C7A892 /* Assets.xcassets */,
			);
			name = UI;
			sourceTree = "<group>";
		};
		407638B31D82441400C7A892 /* Model */ = {
			isa = PBXGroup;
			children = (
				4076389E1D82421600C7A892 /* AppDelegate.swift */,
				407638AC1D82421600C7A892 /* Info.plist */,
				40426E9D1D9504AD005D704E /* GoogleService-Info.plist */,
				4032FF801D9D0E7900C91B5E /* JobTableViewCell.swift */,
				40D0F0851D8799A00076891D /* ViewController+KeyboardDismiss.swift */,
				403A169C1D9B8709001FB468 /* ViewController+AlertView.swift */,
				403A169E1D9B8939001FB468 /* UIAlertController+Present.swift */,
				40DAA3A41D99F040005806BE /* JobItem.swift */,
				406132021DA250B90025EF0E /* keys.plist */,
			);
			name = Model;
			sourceTree = "<group>";
		};
		407638B51D82441E00C7A892 /* View */ = {
			isa = PBXGroup;
			children = (
				40F301611D9680DC0035D47A /* TabBarController.swift */,
			);
			name = View;
			sourceTree = "<group>";
		};
		407638B61D82441E00C7A892 /* Controller */ = {
			isa = PBXGroup;
			children = (
				407638A01D82421600C7A892 /* MasterViewController.swift */,
				407638A21D82421600C7A892 /* DetailViewController.swift */,
				407638B91D8245C100C7A892 /* LoginViewController.swift */,
				407638BB1D82958900C7A892 /* CreateAccountViewController.swift */,
				400842C51D8D1C9000B30904 /* HomeViewController.swift */,
				409B00821D9509D700E5174E /* UploadViewController.swift */,
				40F3015F1D9680880035D47A /* SettingViewController.swift */,
				40D111481DA0331000AAD34E /* LocationSettingViewController.swift */,
			);
			name = Controller;
			sourceTree = "<group>";
		};
/* End PBXGroup section */

/* Begin PBXNativeTarget section */
		4076389A1D82421600C7A892 /* HireDev */ = {
			isa = PBXNativeTarget;
			buildConfigurationList = 407638AF1D82421600C7A892 /* Build configuration list for PBXNativeTarget "HireDev" */;
			buildPhases = (
				CAC464DB354EC8BB1720E2DE /* [CP] Check Pods Manifest.lock */,
				407638971D82421600C7A892 /* Sources */,
				407638981D82421600C7A892 /* Frameworks */,
				407638991D82421600C7A892 /* Resources */,
				BC13D5A55D1ADF6BC40E4FD0 /* [CP] Embed Pods Frameworks */,
				6F643E4AC487EDA3B9AEC533 /* [CP] Copy Pods Resources */,
			);
			buildRules = (
			);
			dependencies = (
			);
			name = HireDev;
			productName = HireDev;
			productReference = 4076389B1D82421600C7A892 /* HireDev.app */;
			productType = "com.apple.product-type.application";
		};
/* End PBXNativeTarget section */

/* Begin PBXProject section */
		407638931D82421600C7A892 /* Project object */ = {
			isa = PBXProject;
			attributes = {
				LastSwiftUpdateCheck = 0730;
				LastUpgradeCheck = 0800;
				ORGANIZATIONNAME = "Jeff Eom";
				TargetAttributes = {
					4076389A1D82421600C7A892 = {
						CreatedOnToolsVersion = 7.3.1;
						DevelopmentTeam = RJSTWC7526;
						LastSwiftMigration = 0800;
						SystemCapabilities = {
							com.apple.Keychain = {
								enabled = 1;
							};
						};
					};
				};
			};
			buildConfigurationList = 407638961D82421600C7A892 /* Build configuration list for PBXProject "HireDev" */;
			compatibilityVersion = "Xcode 3.2";
			developmentRegion = English;
			hasScannedForEncodings = 0;
			knownRegions = (
				en,
				Base,
			);
			mainGroup = 407638921D82421600C7A892;
			productRefGroup = 4076389C1D82421600C7A892 /* Products */;
			projectDirPath = "";
			projectRoot = "";
			targets = (
				4076389A1D82421600C7A892 /* HireDev */,
			);
		};
/* End PBXProject section */

/* Begin PBXResourcesBuildPhase section */
		407638991D82421600C7A892 /* Resources */ = {
			isa = PBXResourcesBuildPhase;
			buildActionMask = 2147483647;
			files = (
				406132031DA250B90025EF0E /* keys.plist in Resources */,
				407638AB1D82421600C7A892 /* LaunchScreen.storyboard in Resources */,
				40426E9E1D9504AD005D704E /* GoogleService-Info.plist in Resources */,
				407638A81D82421600C7A892 /* Assets.xcassets in Resources */,
				407638A61D82421600C7A892 /* Main.storyboard in Resources */,
			);
			runOnlyForDeploymentPostprocessing = 0;
		};
/* End PBXResourcesBuildPhase section */

/* Begin PBXShellScriptBuildPhase section */
		6F643E4AC487EDA3B9AEC533 /* [CP] Copy Pods Resources */ = {
			isa = PBXShellScriptBuildPhase;
			buildActionMask = 2147483647;
			files = (
			);
			inputPaths = (
			);
			name = "[CP] Copy Pods Resources";
			outputPaths = (
			);
			runOnlyForDeploymentPostprocessing = 0;
			shellPath = /bin/sh;
			shellScript = "\"${SRCROOT}/Pods/Target Support Files/Pods-HireDev/Pods-HireDev-resources.sh\"\n";
			showEnvVarsInLog = 0;
		};
		BC13D5A55D1ADF6BC40E4FD0 /* [CP] Embed Pods Frameworks */ = {
			isa = PBXShellScriptBuildPhase;
			buildActionMask = 2147483647;
			files = (
			);
			inputPaths = (
			);
			name = "[CP] Embed Pods Frameworks";
			outputPaths = (
			);
			runOnlyForDeploymentPostprocessing = 0;
			shellPath = /bin/sh;
			shellScript = "\"${SRCROOT}/Pods/Target Support Files/Pods-HireDev/Pods-HireDev-frameworks.sh\"\n";
			showEnvVarsInLog = 0;
		};
		CAC464DB354EC8BB1720E2DE /* [CP] Check Pods Manifest.lock */ = {
			isa = PBXShellScriptBuildPhase;
			buildActionMask = 2147483647;
			files = (
			);
			inputPaths = (
			);
			name = "[CP] Check Pods Manifest.lock";
			outputPaths = (
			);
			runOnlyForDeploymentPostprocessing = 0;
			shellPath = /bin/sh;
			shellScript = "diff \"${PODS_ROOT}/../Podfile.lock\" \"${PODS_ROOT}/Manifest.lock\" > /dev/null\nif [[ $? != 0 ]] ; then\n    cat << EOM\nerror: The sandbox is not in sync with the Podfile.lock. Run 'pod install' or update your CocoaPods installation.\nEOM\n    exit 1\nfi\n";
			showEnvVarsInLog = 0;
		};
/* End PBXShellScriptBuildPhase section */

/* Begin PBXSourcesBuildPhase section */
		407638971D82421600C7A892 /* Sources */ = {
			isa = PBXSourcesBuildPhase;
			buildActionMask = 2147483647;
			files = (
				407638BC1D82958900C7A892 /* CreateAccountViewController.swift in Sources */,
				407638BA1D8245C100C7A892 /* LoginViewController.swift in Sources */,
				40D111491DA0331000AAD34E /* LocationSettingViewController.swift in Sources */,
				403A169D1D9B8709001FB468 /* ViewController+AlertView.swift in Sources */,
				4032FF811D9D0E7900C91B5E /* JobTableViewCell.swift in Sources */,
				40D0F0861D8799A00076891D /* ViewController+KeyboardDismiss.swift in Sources */,
				407638A31D82421600C7A892 /* DetailViewController.swift in Sources */,
				407638A11D82421600C7A892 /* MasterViewController.swift in Sources */,
				40F301601D9680880035D47A /* SettingViewController.swift in Sources */,
				403A169F1D9B8939001FB468 /* UIAlertController+Present.swift in Sources */,
				409B00831D9509D700E5174E /* UploadViewController.swift in Sources */,
				40F301621D9680DC0035D47A /* TabBarController.swift in Sources */,
				400842C61D8D1C9000B30904 /* HomeViewController.swift in Sources */,
				40DAA3A51D99F040005806BE /* JobItem.swift in Sources */,
				4076389F1D82421600C7A892 /* AppDelegate.swift in Sources */,
			);
			runOnlyForDeploymentPostprocessing = 0;
		};
/* End PBXSourcesBuildPhase section */

/* Begin PBXVariantGroup section */
		407638A41D82421600C7A892 /* Main.storyboard */ = {
			isa = PBXVariantGroup;
			children = (
				407638A51D82421600C7A892 /* Base */,
			);
			name = Main.storyboard;
			sourceTree = "<group>";
		};
		407638A91D82421600C7A892 /* LaunchScreen.storyboard */ = {
			isa = PBXVariantGroup;
			children = (
				407638AA1D82421600C7A892 /* Base */,
			);
			name = LaunchScreen.storyboard;
			sourceTree = "<group>";
		};
/* End PBXVariantGroup section */

/* Begin XCBuildConfiguration section */
		407638AD1D82421600C7A892 /* Debug */ = {
			isa = XCBuildConfiguration;
			buildSettings = {
				ALWAYS_SEARCH_USER_PATHS = NO;
				CLANG_ANALYZER_NONNULL = YES;
				CLANG_CXX_LANGUAGE_STANDARD = "gnu++0x";
				CLANG_CXX_LIBRARY = "libc++";
				CLANG_ENABLE_MODULES = YES;
				CLANG_ENABLE_OBJC_ARC = YES;
				CLANG_WARN_BOOL_CONVERSION = YES;
				CLANG_WARN_CONSTANT_CONVERSION = YES;
				CLANG_WARN_DIRECT_OBJC_ISA_USAGE = YES_ERROR;
				CLANG_WARN_EMPTY_BODY = YES;
				CLANG_WARN_ENUM_CONVERSION = YES;
				CLANG_WARN_INFINITE_RECURSION = YES;
				CLANG_WARN_INT_CONVERSION = YES;
				CLANG_WARN_OBJC_ROOT_CLASS = YES_ERROR;
				CLANG_WARN_SUSPICIOUS_MOVE = YES;
				CLANG_WARN_UNREACHABLE_CODE = YES;
				CLANG_WARN__DUPLICATE_METHOD_MATCH = YES;
				"CODE_SIGN_IDENTITY[sdk=iphoneos*]" = "iPhone Developer";
				COPY_PHASE_STRIP = NO;
				DEBUG_INFORMATION_FORMAT = dwarf;
				ENABLE_STRICT_OBJC_MSGSEND = YES;
				ENABLE_TESTABILITY = YES;
				GCC_C_LANGUAGE_STANDARD = gnu99;
				GCC_DYNAMIC_NO_PIC = NO;
				GCC_NO_COMMON_BLOCKS = YES;
				GCC_OPTIMIZATION_LEVEL = 0;
				GCC_PREPROCESSOR_DEFINITIONS = (
					"DEBUG=1",
					"$(inherited)",
				);
				GCC_WARN_64_TO_32_BIT_CONVERSION = YES;
				GCC_WARN_ABOUT_RETURN_TYPE = YES_ERROR;
				GCC_WARN_UNDECLARED_SELECTOR = YES;
				GCC_WARN_UNINITIALIZED_AUTOS = YES_AGGRESSIVE;
				GCC_WARN_UNUSED_FUNCTION = YES;
				GCC_WARN_UNUSED_VARIABLE = YES;
				IPHONEOS_DEPLOYMENT_TARGET = 10.0;
				MTL_ENABLE_DEBUG_INFO = YES;
				ONLY_ACTIVE_ARCH = YES;
				SDKROOT = iphoneos;
				SWIFT_OPTIMIZATION_LEVEL = "-Onone";
				TARGETED_DEVICE_FAMILY = "1,2";
			};
			name = Debug;
		};
		407638AE1D82421600C7A892 /* Release */ = {
			isa = XCBuildConfiguration;
			buildSettings = {
				ALWAYS_SEARCH_USER_PATHS = NO;
				CLANG_ANALYZER_NONNULL = YES;
				CLANG_CXX_LANGUAGE_STANDARD = "gnu++0x";
				CLANG_CXX_LIBRARY = "libc++";
				CLANG_ENABLE_MODULES = YES;
				CLANG_ENABLE_OBJC_ARC = YES;
				CLANG_WARN_BOOL_CONVERSION = YES;
				CLANG_WARN_CONSTANT_CONVERSION = YES;
				CLANG_WARN_DIRECT_OBJC_ISA_USAGE = YES_ERROR;
				CLANG_WARN_EMPTY_BODY = YES;
				CLANG_WARN_ENUM_CONVERSION = YES;
				CLANG_WARN_INFINITE_RECURSION = YES;
				CLANG_WARN_INT_CONVERSION = YES;
				CLANG_WARN_OBJC_ROOT_CLASS = YES_ERROR;
				CLANG_WARN_SUSPICIOUS_MOVE = YES;
				CLANG_WARN_UNREACHABLE_CODE = YES;
				CLANG_WARN__DUPLICATE_METHOD_MATCH = YES;
				"CODE_SIGN_IDENTITY[sdk=iphoneos*]" = "iPhone Developer";
				COPY_PHASE_STRIP = NO;
				DEBUG_INFORMATION_FORMAT = "dwarf-with-dsym";
				ENABLE_NS_ASSERTIONS = NO;
				ENABLE_STRICT_OBJC_MSGSEND = YES;
				GCC_C_LANGUAGE_STANDARD = gnu99;
				GCC_NO_COMMON_BLOCKS = YES;
				GCC_WARN_64_TO_32_BIT_CONVERSION = YES;
				GCC_WARN_ABOUT_RETURN_TYPE = YES_ERROR;
				GCC_WARN_UNDECLARED_SELECTOR = YES;
				GCC_WARN_UNINITIALIZED_AUTOS = YES_AGGRESSIVE;
				GCC_WARN_UNUSED_FUNCTION = YES;
				GCC_WARN_UNUSED_VARIABLE = YES;
				IPHONEOS_DEPLOYMENT_TARGET = 10.0;
				MTL_ENABLE_DEBUG_INFO = NO;
				SDKROOT = iphoneos;
				SWIFT_OPTIMIZATION_LEVEL = "-Owholemodule";
				TARGETED_DEVICE_FAMILY = "1,2";
				VALIDATE_PRODUCT = YES;
			};
			name = Release;
		};
		407638B01D82421600C7A892 /* Debug */ = {
			isa = XCBuildConfiguration;
			baseConfigurationReference = 81280D31713E265017FB9967 /* Pods-HireDev.debug.xcconfig */;
			buildSettings = {
				ALWAYS_EMBED_SWIFT_STANDARD_LIBRARIES = YES;
				ASSETCATALOG_COMPILER_APPICON_NAME = AppIcon;
				CODE_SIGN_ENTITLEMENTS = HireDev/HireDev.entitlements;
				CODE_SIGN_IDENTITY = "iPhone Developer";
				"CODE_SIGN_IDENTITY[sdk=iphoneos*]" = "iPhone Developer";
				DEFINES_MODULE = YES;
				DEVELOPMENT_TEAM = RJSTWC7526;
				FRAMEWORK_SEARCH_PATHS = (
					"$(inherited)",
					"\"${PODS_ROOT}/FirebaseAnalytics/Frameworks/frameworks\"",
					"\"${PODS_ROOT}/FirebaseAuth/Frameworks/frameworks\"",
					"\"${PODS_ROOT}/FirebaseInstanceID/Frameworks\"",
					"\"${PODS_ROOT}/GoogleInterchangeUtilities/Frameworks\"",
					"\"${PODS_ROOT}/GoogleNetworkingUtilities/Frameworks\"",
					"\"${PODS_ROOT}/GoogleParsingUtilities/Frameworks\"",
					"\"${PODS_ROOT}/GoogleSymbolUtilities/Frameworks\"",
					"\"${PODS_ROOT}/GoogleUtilities/Frameworks\"",
					"~/Documents/FacebookSDK",
				);
				INFOPLIST_FILE = HireDev/Info.plist;
				LD_RUNPATH_SEARCH_PATHS = "$(inherited) @executable_path/Frameworks";
				PRODUCT_BUNDLE_IDENTIFIER = com.jeffeom.HireDev;
				PRODUCT_NAME = "$(TARGET_NAME)";
				PROVISIONING_PROFILE = "";
				SWIFT_VERSION = 3.0;
			};
			name = Debug;
		};
		407638B11D82421600C7A892 /* Release */ = {
			isa = XCBuildConfiguration;
			baseConfigurationReference = 00353D0515AA1900B3822BA0 /* Pods-HireDev.release.xcconfig */;
			buildSettings = {
				ALWAYS_EMBED_SWIFT_STANDARD_LIBRARIES = YES;
				ASSETCATALOG_COMPILER_APPICON_NAME = AppIcon;
				CODE_SIGN_ENTITLEMENTS = HireDev/HireDev.entitlements;
				CODE_SIGN_IDENTITY = "iPhone Developer";
				"CODE_SIGN_IDENTITY[sdk=iphoneos*]" = "iPhone Developer";
				DEFINES_MODULE = YES;
				DEVELOPMENT_TEAM = RJSTWC7526;
				FRAMEWORK_SEARCH_PATHS = (
					"$(inherited)",
					"\"${PODS_ROOT}/FirebaseAnalytics/Frameworks/frameworks\"",
					"\"${PODS_ROOT}/FirebaseAuth/Frameworks/frameworks\"",
					"\"${PODS_ROOT}/FirebaseInstanceID/Frameworks\"",
					"\"${PODS_ROOT}/GoogleInterchangeUtilities/Frameworks\"",
					"\"${PODS_ROOT}/GoogleNetworkingUtilities/Frameworks\"",
					"\"${PODS_ROOT}/GoogleParsingUtilities/Frameworks\"",
					"\"${PODS_ROOT}/GoogleSymbolUtilities/Frameworks\"",
					"\"${PODS_ROOT}/GoogleUtilities/Frameworks\"",
					"~/Documents/FacebookSDK",
				);
				INFOPLIST_FILE = HireDev/Info.plist;
				LD_RUNPATH_SEARCH_PATHS = "$(inherited) @executable_path/Frameworks";
				PRODUCT_BUNDLE_IDENTIFIER = com.jeffeom.HireDev;
				PRODUCT_NAME = "$(TARGET_NAME)";
				PROVISIONING_PROFILE = "";
				SWIFT_VERSION = 3.0;
			};
			name = Release;
		};
/* End XCBuildConfiguration section */

/* Begin XCConfigurationList section */
		407638961D82421600C7A892 /* Build configuration list for PBXProject "HireDev" */ = {
			isa = XCConfigurationList;
			buildConfigurations = (
				407638AD1D82421600C7A892 /* Debug */,
				407638AE1D82421600C7A892 /* Release */,
			);
			defaultConfigurationIsVisible = 0;
			defaultConfigurationName = Release;
		};
		407638AF1D82421600C7A892 /* Build configuration list for PBXNativeTarget "HireDev" */ = {
			isa = XCConfigurationList;
			buildConfigurations = (
				407638B01D82421600C7A892 /* Debug */,
				407638B11D82421600C7A892 /* Release */,
			);
			defaultConfigurationIsVisible = 0;
			defaultConfigurationName = Release;
		};
/* End XCConfigurationList section */
	};
	rootObject = 407638931D82421600C7A892 /* Project object */;
}
